// !$*UTF8*$!
{
	archiveVersion = 1;
	classes = {
	};
	objectVersion = 77;
	objects = {

/* Begin PBXBuildFile section */
		F462C8092E9C2A310058E6A0 /* Alamofire in Frameworks */ = {isa = PBXBuildFile; productRef = F462C8082E9C2A310058E6A0 /* Alamofire */; };
		F48789812E944D3A002DC9EB /* GoogleSignIn in Frameworks */ = {isa = PBXBuildFile; productRef = F48789802E944D3A002DC9EB /* GoogleSignIn */; };
		F48789832E944D3A002DC9EB /* GoogleSignInSwift in Frameworks */ = {isa = PBXBuildFile; productRef = F48789822E944D3A002DC9EB /* GoogleSignInSwift */; };
		F4E30DFB2E931016005ABAD4 /* FirebaseAI in Frameworks */ = {isa = PBXBuildFile; productRef = F4E30DFA2E931016005ABAD4 /* FirebaseAI */; };
		F4E30DFD2E931016005ABAD4 /* FirebaseAnalytics in Frameworks */ = {isa = PBXBuildFile; productRef = F4E30DFC2E931016005ABAD4 /* FirebaseAnalytics */; };
		F4E30DFF2E931016005ABAD4 /* FirebaseAnalyticsCore in Frameworks */ = {isa = PBXBuildFile; productRef = F4E30DFE2E931016005ABAD4 /* FirebaseAnalyticsCore */; };
		F4E30E012E931016005ABAD4 /* FirebaseAnalyticsIdentitySupport in Frameworks */ = {isa = PBXBuildFile; productRef = F4E30E002E931016005ABAD4 /* FirebaseAnalyticsIdentitySupport */; };
		F4E30E032E931016005ABAD4 /* FirebaseAppCheck in Frameworks */ = {isa = PBXBuildFile; productRef = F4E30E022E931016005ABAD4 /* FirebaseAppCheck */; };
		F4E30E052E931016005ABAD4 /* FirebaseAppDistribution-Beta in Frameworks */ = {isa = PBXBuildFile; productRef = F4E30E042E931016005ABAD4 /* FirebaseAppDistribution-Beta */; };
		F4E30E072E931016005ABAD4 /* FirebaseAuth in Frameworks */ = {isa = PBXBuildFile; productRef = F4E30E062E931016005ABAD4 /* FirebaseAuth */; };
		F4E30E092E931016005ABAD4 /* FirebaseAuthCombine-Community in Frameworks */ = {isa = PBXBuildFile; productRef = F4E30E082E931016005ABAD4 /* FirebaseAuthCombine-Community */; };
		F4E30E0B2E931016005ABAD4 /* FirebaseCore in Frameworks */ = {isa = PBXBuildFile; productRef = F4E30E0A2E931016005ABAD4 /* FirebaseCore */; };
		F4E30E0D2E931016005ABAD4 /* FirebaseCrashlytics in Frameworks */ = {isa = PBXBuildFile; productRef = F4E30E0C2E931016005ABAD4 /* FirebaseCrashlytics */; };
		F4E30E0F2E931016005ABAD4 /* FirebaseDatabase in Frameworks */ = {isa = PBXBuildFile; productRef = F4E30E0E2E931016005ABAD4 /* FirebaseDatabase */; };
		F4E30E112E931016005ABAD4 /* FirebaseFirestore in Frameworks */ = {isa = PBXBuildFile; productRef = F4E30E102E931016005ABAD4 /* FirebaseFirestore */; };
		F4E30E132E931016005ABAD4 /* FirebaseFirestoreCombine-Community in Frameworks */ = {isa = PBXBuildFile; productRef = F4E30E122E931016005ABAD4 /* FirebaseFirestoreCombine-Community */; };
		F4E30E152E931016005ABAD4 /* FirebaseFunctions in Frameworks */ = {isa = PBXBuildFile; productRef = F4E30E142E931016005ABAD4 /* FirebaseFunctions */; };
		F4E30E172E931016005ABAD4 /* FirebaseFunctionsCombine-Community in Frameworks */ = {isa = PBXBuildFile; productRef = F4E30E162E931016005ABAD4 /* FirebaseFunctionsCombine-Community */; };
		F4E30E192E931016005ABAD4 /* FirebaseInAppMessaging-Beta in Frameworks */ = {isa = PBXBuildFile; productRef = F4E30E182E931016005ABAD4 /* FirebaseInAppMessaging-Beta */; };
		F4E30E1B2E931016005ABAD4 /* FirebaseInstallations in Frameworks */ = {isa = PBXBuildFile; productRef = F4E30E1A2E931016005ABAD4 /* FirebaseInstallations */; };
		F4E30E1D2E931016005ABAD4 /* FirebaseMessaging in Frameworks */ = {isa = PBXBuildFile; productRef = F4E30E1C2E931016005ABAD4 /* FirebaseMessaging */; };
		F4E30E1F2E931016005ABAD4 /* FirebasePerformance in Frameworks */ = {isa = PBXBuildFile; productRef = F4E30E1E2E931016005ABAD4 /* FirebasePerformance */; };
		F4E30E212E931016005ABAD4 /* FirebaseRemoteConfig in Frameworks */ = {isa = PBXBuildFile; productRef = F4E30E202E931016005ABAD4 /* FirebaseRemoteConfig */; };
		F4E30E232E931016005ABAD4 /* FirebaseStorage in Frameworks */ = {isa = PBXBuildFile; productRef = F4E30E222E931016005ABAD4 /* FirebaseStorage */; };
		F4E30E252E931016005ABAD4 /* FirebaseStorageCombine-Community in Frameworks */ = {isa = PBXBuildFile; productRef = F4E30E242E931016005ABAD4 /* FirebaseStorageCombine-Community */; };
/* End PBXBuildFile section */

/* Begin PBXContainerItemProxy section */
		F4335FBC2E70BCC700F0806F /* PBXContainerItemProxy */ = {
			isa = PBXContainerItemProxy;
			containerPortal = F4335FA42E70BCC300F0806F /* Project object */;
			proxyType = 1;
			remoteGlobalIDString = F4335FAB2E70BCC300F0806F;
			remoteInfo = CalorieCounter;
		};
		F4335FC62E70BCC700F0806F /* PBXContainerItemProxy */ = {
			isa = PBXContainerItemProxy;
			containerPortal = F4335FA42E70BCC300F0806F /* Project object */;
			proxyType = 1;
			remoteGlobalIDString = F4335FAB2E70BCC300F0806F;
			remoteInfo = CalorieCounter;
		};
/* End PBXContainerItemProxy section */

/* Begin PBXFileReference section */
		F4335FAC2E70BCC300F0806F /* CalorieCounter.app */ = {isa = PBXFileReference; explicitFileType = wrapper.application; includeInIndex = 0; path = CalorieCounter.app; sourceTree = BUILT_PRODUCTS_DIR; };
		F4335FBB2E70BCC700F0806F /* CalorieCounterTests.xctest */ = {isa = PBXFileReference; explicitFileType = wrapper.cfbundle; includeInIndex = 0; path = CalorieCounterTests.xctest; sourceTree = BUILT_PRODUCTS_DIR; };
		F4335FC52E70BCC700F0806F /* CalorieCounterUITests.xctest */ = {isa = PBXFileReference; explicitFileType = wrapper.cfbundle; includeInIndex = 0; path = CalorieCounterUITests.xctest; sourceTree = BUILT_PRODUCTS_DIR; };
/* End PBXFileReference section */

/* Begin PBXFileSystemSynchronizedBuildFileExceptionSet section */
		F48789852E944EEC002DC9EB /* Exceptions for "CalorieCounter" folder in "CalorieCounter" target */ = {
			isa = PBXFileSystemSynchronizedBuildFileExceptionSet;
			membershipExceptions = (
				Info.plist,
			);
			target = F4335FAB2E70BCC300F0806F /* CalorieCounter */;
		};
/* End PBXFileSystemSynchronizedBuildFileExceptionSet section */

/* Begin PBXFileSystemSynchronizedRootGroup section */
		F4335FAE2E70BCC300F0806F /* CalorieCounter */ = {
			isa = PBXFileSystemSynchronizedRootGroup;
			exceptions = (
				F48789852E944EEC002DC9EB /* Exceptions for "CalorieCounter" folder in "CalorieCounter" target */,
			);
			path = CalorieCounter;
			sourceTree = "<group>";
		};
		F4335FBE2E70BCC700F0806F /* CalorieCounterTests */ = {
			isa = PBXFileSystemSynchronizedRootGroup;
			path = CalorieCounterTests;
			sourceTree = "<group>";
		};
		F4335FC82E70BCC700F0806F /* CalorieCounterUITests */ = {
			isa = PBXFileSystemSynchronizedRootGroup;
			path = CalorieCounterUITests;
			sourceTree = "<group>";
		};
/* End PBXFileSystemSynchronizedRootGroup section */

/* Begin PBXFrameworksBuildPhase section */
		F4335FA92E70BCC300F0806F /* Frameworks */ = {
			isa = PBXFrameworksBuildPhase;
			buildActionMask = 2147483647;
			files = (
				F4E30E0F2E931016005ABAD4 /* FirebaseDatabase in Frameworks */,
				F4E30E172E931016005ABAD4 /* FirebaseFunctionsCombine-Community in Frameworks */,
				F4E30E132E931016005ABAD4 /* FirebaseFirestoreCombine-Community in Frameworks */,
				F48789832E944D3A002DC9EB /* GoogleSignInSwift in Frameworks */,
				F4E30E0B2E931016005ABAD4 /* FirebaseCore in Frameworks */,
				F4E30E012E931016005ABAD4 /* FirebaseAnalyticsIdentitySupport in Frameworks */,
				F4E30DFF2E931016005ABAD4 /* FirebaseAnalyticsCore in Frameworks */,
				F4E30E1B2E931016005ABAD4 /* FirebaseInstallations in Frameworks */,
				F4E30E072E931016005ABAD4 /* FirebaseAuth in Frameworks */,
				F4E30E252E931016005ABAD4 /* FirebaseStorageCombine-Community in Frameworks */,
				F462C8092E9C2A310058E6A0 /* Alamofire in Frameworks */,
				F4E30E032E931016005ABAD4 /* FirebaseAppCheck in Frameworks */,
				F4E30E232E931016005ABAD4 /* FirebaseStorage in Frameworks */,
				F4E30E212E931016005ABAD4 /* FirebaseRemoteConfig in Frameworks */,
				F4E30DFD2E931016005ABAD4 /* FirebaseAnalytics in Frameworks */,
				F4E30E1D2E931016005ABAD4 /* FirebaseMessaging in Frameworks */,
				F4E30E192E931016005ABAD4 /* FirebaseInAppMessaging-Beta in Frameworks */,
				F4E30E1F2E931016005ABAD4 /* FirebasePerformance in Frameworks */,
				F4E30DFB2E931016005ABAD4 /* FirebaseAI in Frameworks */,
				F48789812E944D3A002DC9EB /* GoogleSignIn in Frameworks */,
				F4E30E152E931016005ABAD4 /* FirebaseFunctions in Frameworks */,
				F4E30E0D2E931016005ABAD4 /* FirebaseCrashlytics in Frameworks */,
				F4E30E052E931016005ABAD4 /* FirebaseAppDistribution-Beta in Frameworks */,
				F4E30E092E931016005ABAD4 /* FirebaseAuthCombine-Community in Frameworks */,
				F4E30E112E931016005ABAD4 /* FirebaseFirestore in Frameworks */,
			);
			runOnlyForDeploymentPostprocessing = 0;
		};
		F4335FB82E70BCC700F0806F /* Frameworks */ = {
			isa = PBXFrameworksBuildPhase;
			buildActionMask = 2147483647;
			files = (
			);
			runOnlyForDeploymentPostprocessing = 0;
		};
		F4335FC22E70BCC700F0806F /* Frameworks */ = {
			isa = PBXFrameworksBuildPhase;
			buildActionMask = 2147483647;
			files = (
			);
			runOnlyForDeploymentPostprocessing = 0;
		};
/* End PBXFrameworksBuildPhase section */

/* Begin PBXGroup section */
		F4335FA32E70BCC300F0806F = {
			isa = PBXGroup;
			children = (
				F4335FAE2E70BCC300F0806F /* CalorieCounter */,
				F4335FBE2E70BCC700F0806F /* CalorieCounterTests */,
				F4335FC82E70BCC700F0806F /* CalorieCounterUITests */,
				F46E72802E93136A009D2519 /* Frameworks */,
				F4335FAD2E70BCC300F0806F /* Products */,
			);
			sourceTree = "<group>";
		};
		F4335FAD2E70BCC300F0806F /* Products */ = {
			isa = PBXGroup;
			children = (
				F4335FAC2E70BCC300F0806F /* CalorieCounter.app */,
				F4335FBB2E70BCC700F0806F /* CalorieCounterTests.xctest */,
				F4335FC52E70BCC700F0806F /* CalorieCounterUITests.xctest */,
			);
			name = Products;
			sourceTree = "<group>";
		};
		F46E72802E93136A009D2519 /* Frameworks */ = {
			isa = PBXGroup;
			children = (
			);
			name = Frameworks;
			sourceTree = "<group>";
		};
/* End PBXGroup section */

/* Begin PBXNativeTarget section */
		F4335FAB2E70BCC300F0806F /* CalorieCounter */ = {
			isa = PBXNativeTarget;
			buildConfigurationList = F4335FCF2E70BCC700F0806F /* Build configuration list for PBXNativeTarget "CalorieCounter" */;
			buildPhases = (
				F4335FA82E70BCC300F0806F /* Sources */,
				F4335FA92E70BCC300F0806F /* Frameworks */,
				F4335FAA2E70BCC300F0806F /* Resources */,
			);
			buildRules = (
			);
			dependencies = (
			);
			fileSystemSynchronizedGroups = (
				F4335FAE2E70BCC300F0806F /* CalorieCounter */,
			);
			name = CalorieCounter;
			packageProductDependencies = (
				F4E30DFA2E931016005ABAD4 /* FirebaseAI */,
				F4E30DFC2E931016005ABAD4 /* FirebaseAnalytics */,
				F4E30DFE2E931016005ABAD4 /* FirebaseAnalyticsCore */,
				F4E30E002E931016005ABAD4 /* FirebaseAnalyticsIdentitySupport */,
				F4E30E022E931016005ABAD4 /* FirebaseAppCheck */,
				F4E30E042E931016005ABAD4 /* FirebaseAppDistribution-Beta */,
				F4E30E062E931016005ABAD4 /* FirebaseAuth */,
				F4E30E082E931016005ABAD4 /* FirebaseAuthCombine-Community */,
				F4E30E0A2E931016005ABAD4 /* FirebaseCore */,
				F4E30E0C2E931016005ABAD4 /* FirebaseCrashlytics */,
				F4E30E0E2E931016005ABAD4 /* FirebaseDatabase */,
				F4E30E102E931016005ABAD4 /* FirebaseFirestore */,
				F4E30E122E931016005ABAD4 /* FirebaseFirestoreCombine-Community */,
				F4E30E142E931016005ABAD4 /* FirebaseFunctions */,
				F4E30E162E931016005ABAD4 /* FirebaseFunctionsCombine-Community */,
				F4E30E182E931016005ABAD4 /* FirebaseInAppMessaging-Beta */,
				F4E30E1A2E931016005ABAD4 /* FirebaseInstallations */,
				F4E30E1C2E931016005ABAD4 /* FirebaseMessaging */,
				F4E30E1E2E931016005ABAD4 /* FirebasePerformance */,
				F4E30E202E931016005ABAD4 /* FirebaseRemoteConfig */,
				F4E30E222E931016005ABAD4 /* FirebaseStorage */,
				F4E30E242E931016005ABAD4 /* FirebaseStorageCombine-Community */,
				F48789802E944D3A002DC9EB /* GoogleSignIn */,
				F48789822E944D3A002DC9EB /* GoogleSignInSwift */,
				F462C8082E9C2A310058E6A0 /* Alamofire */,
			);
			productName = CalorieCounter;
			productReference = F4335FAC2E70BCC300F0806F /* CalorieCounter.app */;
			productType = "com.apple.product-type.application";
		};
		F4335FBA2E70BCC700F0806F /* CalorieCounterTests */ = {
			isa = PBXNativeTarget;
			buildConfigurationList = F4335FD22E70BCC700F0806F /* Build configuration list for PBXNativeTarget "CalorieCounterTests" */;
			buildPhases = (
				F4335FB72E70BCC700F0806F /* Sources */,
				F4335FB82E70BCC700F0806F /* Frameworks */,
				F4335FB92E70BCC700F0806F /* Resources */,
			);
			buildRules = (
			);
			dependencies = (
				F4335FBD2E70BCC700F0806F /* PBXTargetDependency */,
			);
			fileSystemSynchronizedGroups = (
				F4335FBE2E70BCC700F0806F /* CalorieCounterTests */,
			);
			name = CalorieCounterTests;
			packageProductDependencies = (
			);
			productName = CalorieCounterTests;
			productReference = F4335FBB2E70BCC700F0806F /* CalorieCounterTests.xctest */;
			productType = "com.apple.product-type.bundle.unit-test";
		};
		F4335FC42E70BCC700F0806F /* CalorieCounterUITests */ = {
			isa = PBXNativeTarget;
			buildConfigurationList = F4335FD52E70BCC700F0806F /* Build configuration list for PBXNativeTarget "CalorieCounterUITests" */;
			buildPhases = (
				F4335FC12E70BCC700F0806F /* Sources */,
				F4335FC22E70BCC700F0806F /* Frameworks */,
				F4335FC32E70BCC700F0806F /* Resources */,
			);
			buildRules = (
			);
			dependencies = (
				F4335FC72E70BCC700F0806F /* PBXTargetDependency */,
			);
			fileSystemSynchronizedGroups = (
				F4335FC82E70BCC700F0806F /* CalorieCounterUITests */,
			);
			name = CalorieCounterUITests;
			packageProductDependencies = (
			);
			productName = CalorieCounterUITests;
			productReference = F4335FC52E70BCC700F0806F /* CalorieCounterUITests.xctest */;
			productType = "com.apple.product-type.bundle.ui-testing";
		};
/* End PBXNativeTarget section */

/* Begin PBXProject section */
		F4335FA42E70BCC300F0806F /* Project object */ = {
			isa = PBXProject;
			attributes = {
				BuildIndependentTargetsInParallel = 1;
				LastSwiftUpdateCheck = 1640;
				LastUpgradeCheck = 2600;
				TargetAttributes = {
					F4335FAB2E70BCC300F0806F = {
						CreatedOnToolsVersion = 16.4;
					};
					F4335FBA2E70BCC700F0806F = {
						CreatedOnToolsVersion = 16.4;
						TestTargetID = F4335FAB2E70BCC300F0806F;
					};
					F4335FC42E70BCC700F0806F = {
						CreatedOnToolsVersion = 16.4;
						TestTargetID = F4335FAB2E70BCC300F0806F;
					};
				};
			};
			buildConfigurationList = F4335FA72E70BCC300F0806F /* Build configuration list for PBXProject "CalorieCounter" */;
			developmentRegion = en;
			hasScannedForEncodings = 0;
			knownRegions = (
				en,
				Base,
			);
			mainGroup = F4335FA32E70BCC300F0806F;
			minimizedProjectReferenceProxies = 1;
			packageReferences = (
				F4E30DF92E931016005ABAD4 /* XCRemoteSwiftPackageReference "firebase-ios-sdk" */,
				F487897F2E944D3A002DC9EB /* XCRemoteSwiftPackageReference "GoogleSignIn-iOS" */,
				F462C8072E9C2A310058E6A0 /* XCRemoteSwiftPackageReference "Alamofire" */,
			);
			preferredProjectObjectVersion = 77;
			productRefGroup = F4335FAD2E70BCC300F0806F /* Products */;
			projectDirPath = "";
			projectRoot = "";
			targets = (
				F4335FAB2E70BCC300F0806F /* CalorieCounter */,
				F4335FBA2E70BCC700F0806F /* CalorieCounterTests */,
				F4335FC42E70BCC700F0806F /* CalorieCounterUITests */,
			);
		};
/* End PBXProject section */

/* Begin PBXResourcesBuildPhase section */
		F4335FAA2E70BCC300F0806F /* Resources */ = {
			isa = PBXResourcesBuildPhase;
			buildActionMask = 2147483647;
			files = (
			);
			runOnlyForDeploymentPostprocessing = 0;
		};
		F4335FB92E70BCC700F0806F /* Resources */ = {
			isa = PBXResourcesBuildPhase;
			buildActionMask = 2147483647;
			files = (
			);
			runOnlyForDeploymentPostprocessing = 0;
		};
		F4335FC32E70BCC700F0806F /* Resources */ = {
			isa = PBXResourcesBuildPhase;
			buildActionMask = 2147483647;
			files = (
			);
			runOnlyForDeploymentPostprocessing = 0;
		};
/* End PBXResourcesBuildPhase section */

/* Begin PBXSourcesBuildPhase section */
		F4335FA82E70BCC300F0806F /* Sources */ = {
			isa = PBXSourcesBuildPhase;
			buildActionMask = 2147483647;
			files = (
			);
			runOnlyForDeploymentPostprocessing = 0;
		};
		F4335FB72E70BCC700F0806F /* Sources */ = {
			isa = PBXSourcesBuildPhase;
			buildActionMask = 2147483647;
			files = (
			);
			runOnlyForDeploymentPostprocessing = 0;
		};
		F4335FC12E70BCC700F0806F /* Sources */ = {
			isa = PBXSourcesBuildPhase;
			buildActionMask = 2147483647;
			files = (
			);
			runOnlyForDeploymentPostprocessing = 0;
		};
/* End PBXSourcesBuildPhase section */

/* Begin PBXTargetDependency section */
		F4335FBD2E70BCC700F0806F /* PBXTargetDependency */ = {
			isa = PBXTargetDependency;
			target = F4335FAB2E70BCC300F0806F /* CalorieCounter */;
			targetProxy = F4335FBC2E70BCC700F0806F /* PBXContainerItemProxy */;
		};
		F4335FC72E70BCC700F0806F /* PBXTargetDependency */ = {
			isa = PBXTargetDependency;
			target = F4335FAB2E70BCC300F0806F /* CalorieCounter */;
			targetProxy = F4335FC62E70BCC700F0806F /* PBXContainerItemProxy */;
		};
/* End PBXTargetDependency section */

/* Begin XCBuildConfiguration section */
		F4335FCD2E70BCC700F0806F /* Debug */ = {
			isa = XCBuildConfiguration;
			buildSettings = {
				ALWAYS_SEARCH_USER_PATHS = NO;
				ASSETCATALOG_COMPILER_GENERATE_SWIFT_ASSET_SYMBOL_EXTENSIONS = YES;
				CLANG_ANALYZER_NONNULL = YES;
				CLANG_ANALYZER_NUMBER_OBJECT_CONVERSION = YES_AGGRESSIVE;
				CLANG_CXX_LANGUAGE_STANDARD = "gnu++20";
				CLANG_ENABLE_MODULES = YES;
				CLANG_ENABLE_OBJC_ARC = YES;
				CLANG_ENABLE_OBJC_WEAK = YES;
				CLANG_WARN_BLOCK_CAPTURE_AUTORELEASING = YES;
				CLANG_WARN_BOOL_CONVERSION = YES;
				CLANG_WARN_COMMA = YES;
				CLANG_WARN_CONSTANT_CONVERSION = YES;
				CLANG_WARN_DEPRECATED_OBJC_IMPLEMENTATIONS = YES;
				CLANG_WARN_DIRECT_OBJC_ISA_USAGE = YES_ERROR;
				CLANG_WARN_DOCUMENTATION_COMMENTS = YES;
				CLANG_WARN_EMPTY_BODY = YES;
				CLANG_WARN_ENUM_CONVERSION = YES;
				CLANG_WARN_INFINITE_RECURSION = YES;
				CLANG_WARN_INT_CONVERSION = YES;
				CLANG_WARN_NON_LITERAL_NULL_CONVERSION = YES;
				CLANG_WARN_OBJC_IMPLICIT_RETAIN_SELF = YES;
				CLANG_WARN_OBJC_LITERAL_CONVERSION = YES;
				CLANG_WARN_OBJC_ROOT_CLASS = YES_ERROR;
				CLANG_WARN_QUOTED_INCLUDE_IN_FRAMEWORK_HEADER = YES;
				CLANG_WARN_RANGE_LOOP_ANALYSIS = YES;
				CLANG_WARN_STRICT_PROTOTYPES = YES;
				CLANG_WARN_SUSPICIOUS_MOVE = YES;
				CLANG_WARN_UNGUARDED_AVAILABILITY = YES_AGGRESSIVE;
				CLANG_WARN_UNREACHABLE_CODE = YES;
				CLANG_WARN__DUPLICATE_METHOD_MATCH = YES;
				COPY_PHASE_STRIP = NO;
				DEBUG_INFORMATION_FORMAT = dwarf;
				ENABLE_STRICT_OBJC_MSGSEND = YES;
				ENABLE_TESTABILITY = YES;
				ENABLE_USER_SCRIPT_SANDBOXING = YES;
				GCC_C_LANGUAGE_STANDARD = gnu17;
				GCC_DYNAMIC_NO_PIC = NO;
				GCC_NO_COMMON_BLOCKS = YES;
				GCC_OPTIMIZATION_LEVEL = 0;
				GCC_PREPROCESSOR_DEFINITIONS = (
					"DEBUG=1",
					"$(inherited)",
				);
				GCC_WARN_64_TO_32_BIT_CONVERSION = YES;
				GCC_WARN_ABOUT_RETURN_TYPE = YES_ERROR;
				GCC_WARN_UNDECLARED_SELECTOR = YES;
				GCC_WARN_UNINITIALIZED_AUTOS = YES_AGGRESSIVE;
				GCC_WARN_UNUSED_FUNCTION = YES;
				GCC_WARN_UNUSED_VARIABLE = YES;
				INFOPLIST_FILE = "";
				IPHONEOS_DEPLOYMENT_TARGET = 18.5;
				LOCALIZATION_PREFERS_STRING_CATALOGS = YES;
				MTL_ENABLE_DEBUG_INFO = INCLUDE_SOURCE;
				MTL_FAST_MATH = YES;
				ONLY_ACTIVE_ARCH = YES;
				SDKROOT = iphoneos;
				STRING_CATALOG_GENERATE_SYMBOLS = YES;
				SWIFT_ACTIVE_COMPILATION_CONDITIONS = "DEBUG $(inherited)";
				SWIFT_OPTIMIZATION_LEVEL = "-Onone";
			};
			name = Debug;
		};
		F4335FCE2E70BCC700F0806F /* Release */ = {
			isa = XCBuildConfiguration;
			buildSettings = {
				ALWAYS_SEARCH_USER_PATHS = NO;
				ASSETCATALOG_COMPILER_GENERATE_SWIFT_ASSET_SYMBOL_EXTENSIONS = YES;
				CLANG_ANALYZER_NONNULL = YES;
				CLANG_ANALYZER_NUMBER_OBJECT_CONVERSION = YES_AGGRESSIVE;
				CLANG_CXX_LANGUAGE_STANDARD = "gnu++20";
				CLANG_ENABLE_MODULES = YES;
				CLANG_ENABLE_OBJC_ARC = YES;
				CLANG_ENABLE_OBJC_WEAK = YES;
				CLANG_WARN_BLOCK_CAPTURE_AUTORELEASING = YES;
				CLANG_WARN_BOOL_CONVERSION = YES;
				CLANG_WARN_COMMA = YES;
				CLANG_WARN_CONSTANT_CONVERSION = YES;
				CLANG_WARN_DEPRECATED_OBJC_IMPLEMENTATIONS = YES;
				CLANG_WARN_DIRECT_OBJC_ISA_USAGE = YES_ERROR;
				CLANG_WARN_DOCUMENTATION_COMMENTS = YES;
				CLANG_WARN_EMPTY_BODY = YES;
				CLANG_WARN_ENUM_CONVERSION = YES;
				CLANG_WARN_INFINITE_RECURSION = YES;
				CLANG_WARN_INT_CONVERSION = YES;
				CLANG_WARN_NON_LITERAL_NULL_CONVERSION = YES;
				CLANG_WARN_OBJC_IMPLICIT_RETAIN_SELF = YES;
				CLANG_WARN_OBJC_LITERAL_CONVERSION = YES;
				CLANG_WARN_OBJC_ROOT_CLASS = YES_ERROR;
				CLANG_WARN_QUOTED_INCLUDE_IN_FRAMEWORK_HEADER = YES;
				CLANG_WARN_RANGE_LOOP_ANALYSIS = YES;
				CLANG_WARN_STRICT_PROTOTYPES = YES;
				CLANG_WARN_SUSPICIOUS_MOVE = YES;
				CLANG_WARN_UNGUARDED_AVAILABILITY = YES_AGGRESSIVE;
				CLANG_WARN_UNREACHABLE_CODE = YES;
				CLANG_WARN__DUPLICATE_METHOD_MATCH = YES;
				COPY_PHASE_STRIP = NO;
				DEBUG_INFORMATION_FORMAT = "dwarf-with-dsym";
				ENABLE_NS_ASSERTIONS = NO;
				ENABLE_STRICT_OBJC_MSGSEND = YES;
				ENABLE_USER_SCRIPT_SANDBOXING = YES;
				GCC_C_LANGUAGE_STANDARD = gnu17;
				GCC_NO_COMMON_BLOCKS = YES;
				GCC_WARN_64_TO_32_BIT_CONVERSION = YES;
				GCC_WARN_ABOUT_RETURN_TYPE = YES_ERROR;
				GCC_WARN_UNDECLARED_SELECTOR = YES;
				GCC_WARN_UNINITIALIZED_AUTOS = YES_AGGRESSIVE;
				GCC_WARN_UNUSED_FUNCTION = YES;
				GCC_WARN_UNUSED_VARIABLE = YES;
				INFOPLIST_FILE = "";
				IPHONEOS_DEPLOYMENT_TARGET = 18.5;
				LOCALIZATION_PREFERS_STRING_CATALOGS = YES;
				MTL_ENABLE_DEBUG_INFO = NO;
				MTL_FAST_MATH = YES;
				SDKROOT = iphoneos;
				STRING_CATALOG_GENERATE_SYMBOLS = YES;
				SWIFT_COMPILATION_MODE = wholemodule;
				VALIDATE_PRODUCT = YES;
			};
			name = Release;
		};
		F4335FD02E70BCC700F0806F /* Debug */ = {
			isa = XCBuildConfiguration;
			buildSettings = {
				ASSETCATALOG_COMPILER_APPICON_NAME = AppIcon;
				ASSETCATALOG_COMPILER_GLOBAL_ACCENT_COLOR_NAME = AccentColor;
				CODE_SIGN_STYLE = Automatic;
				CURRENT_PROJECT_VERSION = 1;
				DEVELOPMENT_TEAM = 5P88833DN9;
				ENABLE_PREVIEWS = YES;
				GENERATE_INFOPLIST_FILE = YES;
				INFOPLIST_FILE = CalorieCounter/Info.plist;
				INFOPLIST_KEY_UIApplicationSceneManifest_Generation = YES;
				INFOPLIST_KEY_UIApplicationSupportsIndirectInputEvents = YES;
				INFOPLIST_KEY_UILaunchScreen_Generation = YES;
				INFOPLIST_KEY_UISupportedInterfaceOrientations_iPad = "UIInterfaceOrientationPortrait UIInterfaceOrientationPortraitUpsideDown UIInterfaceOrientationLandscapeLeft UIInterfaceOrientationLandscapeRight";
				INFOPLIST_KEY_UISupportedInterfaceOrientations_iPhone = "UIInterfaceOrientationPortrait UIInterfaceOrientationLandscapeLeft UIInterfaceOrientationLandscapeRight";
				LD_RUNPATH_SEARCH_PATHS = (
					"$(inherited)",
					"@executable_path/Frameworks",
				);
				MARKETING_VERSION = 1.0;
				PRODUCT_BUNDLE_IDENTIFIER = hu.ecneb.CalorieCounter;
				PRODUCT_NAME = "$(TARGET_NAME)";
				SWIFT_EMIT_LOC_STRINGS = YES;
				SWIFT_VERSION = 5.0;
				TARGETED_DEVICE_FAMILY = "1,2";
			};
			name = Debug;
		};
		F4335FD12E70BCC700F0806F /* Release */ = {
			isa = XCBuildConfiguration;
			buildSettings = {
				ASSETCATALOG_COMPILER_APPICON_NAME = AppIcon;
				ASSETCATALOG_COMPILER_GLOBAL_ACCENT_COLOR_NAME = AccentColor;
				CODE_SIGN_STYLE = Automatic;
				CURRENT_PROJECT_VERSION = 1;
				DEVELOPMENT_TEAM = 5P88833DN9;
				ENABLE_PREVIEWS = YES;
				GENERATE_INFOPLIST_FILE = YES;
				INFOPLIST_FILE = CalorieCounter/Info.plist;
				INFOPLIST_KEY_UIApplicationSceneManifest_Generation = YES;
				INFOPLIST_KEY_UIApplicationSupportsIndirectInputEvents = YES;
				INFOPLIST_KEY_UILaunchScreen_Generation = YES;
				INFOPLIST_KEY_UISupportedInterfaceOrientations_iPad = "UIInterfaceOrientationPortrait UIInterfaceOrientationPortraitUpsideDown UIInterfaceOrientationLandscapeLeft UIInterfaceOrientationLandscapeRight";
				INFOPLIST_KEY_UISupportedInterfaceOrientations_iPhone = "UIInterfaceOrientationPortrait UIInterfaceOrientationLandscapeLeft UIInterfaceOrientationLandscapeRight";
				LD_RUNPATH_SEARCH_PATHS = (
					"$(inherited)",
					"@executable_path/Frameworks",
				);
				MARKETING_VERSION = 1.0;
				PRODUCT_BUNDLE_IDENTIFIER = hu.ecneb.CalorieCounter;
				PRODUCT_NAME = "$(TARGET_NAME)";
				SWIFT_EMIT_LOC_STRINGS = YES;
				SWIFT_VERSION = 5.0;
				TARGETED_DEVICE_FAMILY = "1,2";
			};
			name = Release;
		};
		F4335FD32E70BCC700F0806F /* Debug */ = {
			isa = XCBuildConfiguration;
			buildSettings = {
				BUNDLE_LOADER = "$(TEST_HOST)";
				CODE_SIGN_STYLE = Automatic;
				CURRENT_PROJECT_VERSION = 1;
				GENERATE_INFOPLIST_FILE = YES;
				IPHONEOS_DEPLOYMENT_TARGET = 18.5;
				MARKETING_VERSION = 1.0;
				PRODUCT_BUNDLE_IDENTIFIER = hu.ecneb.CalorieCounterTests;
				PRODUCT_NAME = "$(TARGET_NAME)";
				SWIFT_EMIT_LOC_STRINGS = NO;
				SWIFT_VERSION = 5.0;
				TARGETED_DEVICE_FAMILY = "1,2";
				TEST_HOST = "$(BUILT_PRODUCTS_DIR)/CalorieCounter.app/$(BUNDLE_EXECUTABLE_FOLDER_PATH)/CalorieCounter";
			};
			name = Debug;
		};
		F4335FD42E70BCC700F0806F /* Release */ = {
			isa = XCBuildConfiguration;
			buildSettings = {
				BUNDLE_LOADER = "$(TEST_HOST)";
				CODE_SIGN_STYLE = Automatic;
				CURRENT_PROJECT_VERSION = 1;
				GENERATE_INFOPLIST_FILE = YES;
				IPHONEOS_DEPLOYMENT_TARGET = 18.5;
				MARKETING_VERSION = 1.0;
				PRODUCT_BUNDLE_IDENTIFIER = hu.ecneb.CalorieCounterTests;
				PRODUCT_NAME = "$(TARGET_NAME)";
				SWIFT_EMIT_LOC_STRINGS = NO;
				SWIFT_VERSION = 5.0;
				TARGETED_DEVICE_FAMILY = "1,2";
				TEST_HOST = "$(BUILT_PRODUCTS_DIR)/CalorieCounter.app/$(BUNDLE_EXECUTABLE_FOLDER_PATH)/CalorieCounter";
			};
			name = Release;
		};
		F4335FD62E70BCC700F0806F /* Debug */ = {
			isa = XCBuildConfiguration;
			buildSettings = {
				CODE_SIGN_STYLE = Automatic;
				CURRENT_PROJECT_VERSION = 1;
				GENERATE_INFOPLIST_FILE = YES;
				MARKETING_VERSION = 1.0;
				PRODUCT_BUNDLE_IDENTIFIER = hu.ecneb.CalorieCounterUITests;
				PRODUCT_NAME = "$(TARGET_NAME)";
				SWIFT_EMIT_LOC_STRINGS = NO;
				SWIFT_VERSION = 5.0;
				TARGETED_DEVICE_FAMILY = "1,2";
				TEST_TARGET_NAME = CalorieCounter;
			};
			name = Debug;
		};
		F4335FD72E70BCC700F0806F /* Release */ = {
			isa = XCBuildConfiguration;
			buildSettings = {
				CODE_SIGN_STYLE = Automatic;
				CURRENT_PROJECT_VERSION = 1;
				GENERATE_INFOPLIST_FILE = YES;
				MARKETING_VERSION = 1.0;
				PRODUCT_BUNDLE_IDENTIFIER = hu.ecneb.CalorieCounterUITests;
				PRODUCT_NAME = "$(TARGET_NAME)";
				SWIFT_EMIT_LOC_STRINGS = NO;
				SWIFT_VERSION = 5.0;
				TARGETED_DEVICE_FAMILY = "1,2";
				TEST_TARGET_NAME = CalorieCounter;
			};
			name = Release;
		};
/* End XCBuildConfiguration section */

/* Begin XCConfigurationList section */
		F4335FA72E70BCC300F0806F /* Build configuration list for PBXProject "CalorieCounter" */ = {
			isa = XCConfigurationList;
			buildConfigurations = (
				F4335FCD2E70BCC700F0806F /* Debug */,
				F4335FCE2E70BCC700F0806F /* Release */,
			);
			defaultConfigurationIsVisible = 0;
			defaultConfigurationName = Release;
		};
		F4335FCF2E70BCC700F0806F /* Build configuration list for PBXNativeTarget "CalorieCounter" */ = {
			isa = XCConfigurationList;
			buildConfigurations = (
				F4335FD02E70BCC700F0806F /* Debug */,
				F4335FD12E70BCC700F0806F /* Release */,
			);
			defaultConfigurationIsVisible = 0;
			defaultConfigurationName = Release;
		};
		F4335FD22E70BCC700F0806F /* Build configuration list for PBXNativeTarget "CalorieCounterTests" */ = {
			isa = XCConfigurationList;
			buildConfigurations = (
				F4335FD32E70BCC700F0806F /* Debug */,
				F4335FD42E70BCC700F0806F /* Release */,
			);
			defaultConfigurationIsVisible = 0;
			defaultConfigurationName = Release;
		};
		F4335FD52E70BCC700F0806F /* Build configuration list for PBXNativeTarget "CalorieCounterUITests" */ = {
			isa = XCConfigurationList;
			buildConfigurations = (
				F4335FD62E70BCC700F0806F /* Debug */,
				F4335FD72E70BCC700F0806F /* Release */,
			);
			defaultConfigurationIsVisible = 0;
			defaultConfigurationName = Release;
		};
/* End XCConfigurationList section */

/* Begin XCRemoteSwiftPackageReference section */
		F462C8072E9C2A310058E6A0 /* XCRemoteSwiftPackageReference "Alamofire" */ = {
			isa = XCRemoteSwiftPackageReference;
			repositoryURL = "https://github.com/Alamofire/Alamofire.git";
			requirement = {
				kind = upToNextMajorVersion;
				minimumVersion = 5.10.2;
			};
		};
		F487897F2E944D3A002DC9EB /* XCRemoteSwiftPackageReference "GoogleSignIn-iOS" */ = {
			isa = XCRemoteSwiftPackageReference;
			repositoryURL = "https://github.com/google/GoogleSignIn-iOS.git";
			requirement = {
				kind = upToNextMajorVersion;
				minimumVersion = 9.0.0;
			};
		};
		F4E30DF92E931016005ABAD4 /* XCRemoteSwiftPackageReference "firebase-ios-sdk" */ = {
			isa = XCRemoteSwiftPackageReference;
			repositoryURL = "https://github.com/firebase/firebase-ios-sdk.git";
			requirement = {
				kind = upToNextMajorVersion;
				minimumVersion = 12.3.0;
			};
		};
/* End XCRemoteSwiftPackageReference section */

/* Begin XCSwiftPackageProductDependency section */
		F462C8082E9C2A310058E6A0 /* Alamofire */ = {
			isa = XCSwiftPackageProductDependency;
			package = F462C8072E9C2A310058E6A0 /* XCRemoteSwiftPackageReference "Alamofire" */;
			productName = Alamofire;
		};
		F48789802E944D3A002DC9EB /* GoogleSignIn */ = {
			isa = XCSwiftPackageProductDependency;
			package = F487897F2E944D3A002DC9EB /* XCRemoteSwiftPackageReference "GoogleSignIn-iOS" */;
			productName = GoogleSignIn;
		};
		F48789822E944D3A002DC9EB /* GoogleSignInSwift */ = {
			isa = XCSwiftPackageProductDependency;
			package = F487897F2E944D3A002DC9EB /* XCRemoteSwiftPackageReference "GoogleSignIn-iOS" */;
			productName = GoogleSignInSwift;
		};
		F4E30DFA2E931016005ABAD4 /* FirebaseAI */ = {
			isa = XCSwiftPackageProductDependency;
			package = F4E30DF92E931016005ABAD4 /* XCRemoteSwiftPackageReference "firebase-ios-sdk" */;
			productName = FirebaseAI;
		};
		F4E30DFC2E931016005ABAD4 /* FirebaseAnalytics */ = {
			isa = XCSwiftPackageProductDependency;
			package = F4E30DF92E931016005ABAD4 /* XCRemoteSwiftPackageReference "firebase-ios-sdk" */;
			productName = FirebaseAnalytics;
		};
		F4E30DFE2E931016005ABAD4 /* FirebaseAnalyticsCore */ = {
			isa = XCSwiftPackageProductDependency;
			package = F4E30DF92E931016005ABAD4 /* XCRemoteSwiftPackageReference "firebase-ios-sdk" */;
			productName = FirebaseAnalyticsCore;
		};
		F4E30E002E931016005ABAD4 /* FirebaseAnalyticsIdentitySupport */ = {
			isa = XCSwiftPackageProductDependency;
			package = F4E30DF92E931016005ABAD4 /* XCRemoteSwiftPackageReference "firebase-ios-sdk" */;
			productName = FirebaseAnalyticsIdentitySupport;
		};
		F4E30E022E931016005ABAD4 /* FirebaseAppCheck */ = {
			isa = XCSwiftPackageProductDependency;
			package = F4E30DF92E931016005ABAD4 /* XCRemoteSwiftPackageReference "firebase-ios-sdk" */;
			productName = FirebaseAppCheck;
		};
		F4E30E042E931016005ABAD4 /* FirebaseAppDistribution-Beta */ = {
			isa = XCSwiftPackageProductDependency;
			package = F4E30DF92E931016005ABAD4 /* XCRemoteSwiftPackageReference "firebase-ios-sdk" */;
			productName = "FirebaseAppDistribution-Beta";
		};
		F4E30E062E931016005ABAD4 /* FirebaseAuth */ = {
			isa = XCSwiftPackageProductDependency;
			package = F4E30DF92E931016005ABAD4 /* XCRemoteSwiftPackageReference "firebase-ios-sdk" */;
			productName = FirebaseAuth;
		};
		F4E30E082E931016005ABAD4 /* FirebaseAuthCombine-Community */ = {
			isa = XCSwiftPackageProductDependency;
			package = F4E30DF92E931016005ABAD4 /* XCRemoteSwiftPackageReference "firebase-ios-sdk" */;
			productName = "FirebaseAuthCombine-Community";
		};
		F4E30E0A2E931016005ABAD4 /* FirebaseCore */ = {
			isa = XCSwiftPackageProductDependency;
			package = F4E30DF92E931016005ABAD4 /* XCRemoteSwiftPackageReference "firebase-ios-sdk" */;
			productName = FirebaseCore;
		};
		F4E30E0C2E931016005ABAD4 /* FirebaseCrashlytics */ = {
			isa = XCSwiftPackageProductDependency;
			package = F4E30DF92E931016005ABAD4 /* XCRemoteSwiftPackageReference "firebase-ios-sdk" */;
			productName = FirebaseCrashlytics;
		};
		F4E30E0E2E931016005ABAD4 /* FirebaseDatabase */ = {
			isa = XCSwiftPackageProductDependency;
			package = F4E30DF92E931016005ABAD4 /* XCRemoteSwiftPackageReference "firebase-ios-sdk" */;
			productName = FirebaseDatabase;
		};
		F4E30E102E931016005ABAD4 /* FirebaseFirestore */ = {
			isa = XCSwiftPackageProductDependency;
			package = F4E30DF92E931016005ABAD4 /* XCRemoteSwiftPackageReference "firebase-ios-sdk" */;
			productName = FirebaseFirestore;
		};
		F4E30E122E931016005ABAD4 /* FirebaseFirestoreCombine-Community */ = {
			isa = XCSwiftPackageProductDependency;
			package = F4E30DF92E931016005ABAD4 /* XCRemoteSwiftPackageReference "firebase-ios-sdk" */;
			productName = "FirebaseFirestoreCombine-Community";
		};
		F4E30E142E931016005ABAD4 /* FirebaseFunctions */ = {
			isa = XCSwiftPackageProductDependency;
			package = F4E30DF92E931016005ABAD4 /* XCRemoteSwiftPackageReference "firebase-ios-sdk" */;
			productName = FirebaseFunctions;
		};
		F4E30E162E931016005ABAD4 /* FirebaseFunctionsCombine-Community */ = {
			isa = XCSwiftPackageProductDependency;
			package = F4E30DF92E931016005ABAD4 /* XCRemoteSwiftPackageReference "firebase-ios-sdk" */;
			productName = "FirebaseFunctionsCombine-Community";
		};
		F4E30E182E931016005ABAD4 /* FirebaseInAppMessaging-Beta */ = {
			isa = XCSwiftPackageProductDependency;
			package = F4E30DF92E931016005ABAD4 /* XCRemoteSwiftPackageReference "firebase-ios-sdk" */;
			productName = "FirebaseInAppMessaging-Beta";
		};
		F4E30E1A2E931016005ABAD4 /* FirebaseInstallations */ = {
			isa = XCSwiftPackageProductDependency;
			package = F4E30DF92E931016005ABAD4 /* XCRemoteSwiftPackageReference "firebase-ios-sdk" */;
			productName = FirebaseInstallations;
		};
		F4E30E1C2E931016005ABAD4 /* FirebaseMessaging */ = {
			isa = XCSwiftPackageProductDependency;
			package = F4E30DF92E931016005ABAD4 /* XCRemoteSwiftPackageReference "firebase-ios-sdk" */;
			productName = FirebaseMessaging;
		};
		F4E30E1E2E931016005ABAD4 /* FirebasePerformance */ = {
			isa = XCSwiftPackageProductDependency;
			package = F4E30DF92E931016005ABAD4 /* XCRemoteSwiftPackageReference "firebase-ios-sdk" */;
			productName = FirebasePerformance;
		};
		F4E30E202E931016005ABAD4 /* FirebaseRemoteConfig */ = {
			isa = XCSwiftPackageProductDependency;
			package = F4E30DF92E931016005ABAD4 /* XCRemoteSwiftPackageReference "firebase-ios-sdk" */;
			productName = FirebaseRemoteConfig;
		};
		F4E30E222E931016005ABAD4 /* FirebaseStorage */ = {
			isa = XCSwiftPackageProductDependency;
			package = F4E30DF92E931016005ABAD4 /* XCRemoteSwiftPackageReference "firebase-ios-sdk" */;
			productName = FirebaseStorage;
		};
		F4E30E242E931016005ABAD4 /* FirebaseStorageCombine-Community */ = {
			isa = XCSwiftPackageProductDependency;
			package = F4E30DF92E931016005ABAD4 /* XCRemoteSwiftPackageReference "firebase-ios-sdk" */;
			productName = "FirebaseStorageCombine-Community";
		};
/* End XCSwiftPackageProductDependency section */
	};
	rootObject = F4335FA42E70BCC300F0806F /* Project object */;
}
